
Microsoft Visual Studio Solution File, Format Version 12.00
# Visual Studio Version 16
VisualStudioVersion = 16.0.29306.81
MinimumVisualStudioVersion = 10.0.40219.1
Project("{FAE04EC0-301F-11D3-BF4B-00C04F79EFBC}") = "Inventory-Management-System", "Inventory-Management-System.csproj", "{033F0ED1-C5A6-4059-96A9-87D796448922}"
EndProject
Global
	GlobalSection(SolutionConfigurationPlatforms) = preSolution
		Debug|Any CPU = Debug|Any CPU
		Release|Any CPU = Release|Any CPU
	EndGlobalSection
	GlobalSection(ProjectConfigurationPlatforms) = postSolution
		{033F0ED1-C5A6-4059-96A9-87D796448922}.Debug|Any CPU.ActiveCfg = Debug|Any CPU
		{033F0ED1-C5A6-4059-96A9-87D796448922}.Debug|Any CPU.Build.0 = Debug|Any CPU
		{033F0ED1-C5A6-4059-96A9-87D796448922}.Release|Any CPU.ActiveCfg = Release|Any CPU
		{033F0ED1-C5A6-4059-96A9-87D796448922}.Release|Any CPU.Build.0 = Release|Any CPU
	EndGlobalSection
	GlobalSection(SolutionProperties) = preSolution
		HideSolutionNode = FALSE
	EndGlobalSection
	GlobalSection(ExtensibilityGlobals) = postSolution
		SolutionGuid = {5984DA9C-2D48-4E77-A106-3B363CBFAE5D}
	EndGlobalSection
EndGlobal
